
Microsoft Visual Studio Solution File, Format Version 12.00
# Visual Studio Version 17
VisualStudioVersion = 17.9.34607.119
MinimumVisualStudioVersion = 10.0.40219.1
Project("{FAE04EC0-301F-11D3-BF4B-00C04F79EFBC}") = "GIT1", "GIT1.csproj", "{418D0AAE-72AD-4FC1-A627-3D0BFCD1EB13}"
EndProject
Global
	GlobalSection(SolutionConfigurationPlatforms) = preSolution
		Debug|Any CPU = Debug|Any CPU
		Release|Any CPU = Release|Any CPU
	EndGlobalSection
	GlobalSection(ProjectConfigurationPlatforms) = postSolution
		{418D0AAE-72AD-4FC1-A627-3D0BFCD1EB13}.Debug|Any CPU.ActiveCfg = Debug|Any CPU
		{418D0AAE-72AD-4FC1-A627-3D0BFCD1EB13}.Debug|Any CPU.Build.0 = Debug|Any CPU
		{418D0AAE-72AD-4FC1-A627-3D0BFCD1EB13}.Release|Any CPU.ActiveCfg = Release|Any CPU
		{418D0AAE-72AD-4FC1-A627-3D0BFCD1EB13}.Release|Any CPU.Build.0 = Release|Any CPU
	EndGlobalSection
	GlobalSection(SolutionProperties) = preSolution
		HideSolutionNode = FALSE
	EndGlobalSection
	GlobalSection(ExtensibilityGlobals) = postSolution
		SolutionGuid = {834EDA38-9719-4F6A-BB6E-7A6C94ACA87F}
	EndGlobalSection
EndGlobal
